// !$*UTF8*$!
{
	archiveVersion = 1;
	classes = {
	};
	objectVersion = 56;
	objects = {

/* Begin PBXBuildFile section */
		6917487C2A77F92E003F00D6 /* FeedNetworkService.swift in Sources */ = {isa = PBXBuildFile; fileRef = 6917487B2A77F92E003F00D6 /* FeedNetworkService.swift */; };
		691748802A77F967003F00D6 /* FeedCoreDataService.swift in Sources */ = {isa = PBXBuildFile; fileRef = 6917487F2A77F967003F00D6 /* FeedCoreDataService.swift */; };
		69796EBE2A78CA5000EB6714 /* FeedAssembly.swift in Sources */ = {isa = PBXBuildFile; fileRef = 69796EBD2A78CA5000EB6714 /* FeedAssembly.swift */; };
		69796EC02A78CF9E00EB6714 /* FeedPresentor.swift in Sources */ = {isa = PBXBuildFile; fileRef = 69796EBF2A78CF9E00EB6714 /* FeedPresentor.swift */; };
		69796EC22A78D0BC00EB6714 /* FeedInteractor.swift in Sources */ = {isa = PBXBuildFile; fileRef = 69796EC12A78D0BC00EB6714 /* FeedInteractor.swift */; };
		69796EC42A78D55600EB6714 /* FeedViewController.swift in Sources */ = {isa = PBXBuildFile; fileRef = 69796EC32A78D55600EB6714 /* FeedViewController.swift */; };
		69796EC62A78E35B00EB6714 /* FeedRouter.swift in Sources */ = {isa = PBXBuildFile; fileRef = 69796EC52A78E35B00EB6714 /* FeedRouter.swift */; };
		69796EC82A78FBE500EB6714 /* FeedCellView.swift in Sources */ = {isa = PBXBuildFile; fileRef = 69796EC72A78FBE500EB6714 /* FeedCellView.swift */; };
		698339BE2A767DB800909649 /* AppDelegate.swift in Sources */ = {isa = PBXBuildFile; fileRef = 698339BD2A767DB800909649 /* AppDelegate.swift */; };
		698339C02A767DB800909649 /* SceneDelegate.swift in Sources */ = {isa = PBXBuildFile; fileRef = 698339BF2A767DB800909649 /* SceneDelegate.swift */; };
		698339C72A767DB900909649 /* Assets.xcassets in Resources */ = {isa = PBXBuildFile; fileRef = 698339C62A767DB900909649 /* Assets.xcassets */; };
		698339D42A7684E200909649 /* SnapKit in Frameworks */ = {isa = PBXBuildFile; productRef = 698339D32A7684E200909649 /* SnapKit */; };
		698339D72A76856A00909649 /* Kingfisher in Frameworks */ = {isa = PBXBuildFile; productRef = 698339D62A76856A00909649 /* Kingfisher */; };
		698339DA2A76857F00909649 /* Alamofire in Frameworks */ = {isa = PBXBuildFile; productRef = 698339D92A76857F00909649 /* Alamofire */; };
		69833A082A76A6E100909649 /* NewsModel.swift in Sources */ = {isa = PBXBuildFile; fileRef = 69833A072A76A6E100909649 /* NewsModel.swift */; };
		69833A3D2A76AEA400909649 /* FeedContracts.swift in Sources */ = {isa = PBXBuildFile; fileRef = 69833A3C2A76AEA400909649 /* FeedContracts.swift */; };
/* End PBXBuildFile section */

/* Begin PBXFileReference section */
		6917487B2A77F92E003F00D6 /* FeedNetworkService.swift */ = {isa = PBXFileReference; lastKnownFileType = sourcecode.swift; path = FeedNetworkService.swift; sourceTree = "<group>"; };
		6917487F2A77F967003F00D6 /* FeedCoreDataService.swift */ = {isa = PBXFileReference; lastKnownFileType = sourcecode.swift; path = FeedCoreDataService.swift; sourceTree = "<group>"; };
		69796EBD2A78CA5000EB6714 /* FeedAssembly.swift */ = {isa = PBXFileReference; lastKnownFileType = sourcecode.swift; path = FeedAssembly.swift; sourceTree = "<group>"; };
		69796EBF2A78CF9E00EB6714 /* FeedPresentor.swift */ = {isa = PBXFileReference; lastKnownFileType = sourcecode.swift; path = FeedPresentor.swift; sourceTree = "<group>"; };
		69796EC12A78D0BC00EB6714 /* FeedInteractor.swift */ = {isa = PBXFileReference; lastKnownFileType = sourcecode.swift; path = FeedInteractor.swift; sourceTree = "<group>"; };
		69796EC32A78D55600EB6714 /* FeedViewController.swift */ = {isa = PBXFileReference; lastKnownFileType = sourcecode.swift; path = FeedViewController.swift; sourceTree = "<group>"; };
		69796EC52A78E35B00EB6714 /* FeedRouter.swift */ = {isa = PBXFileReference; lastKnownFileType = sourcecode.swift; path = FeedRouter.swift; sourceTree = "<group>"; };
		69796EC72A78FBE500EB6714 /* FeedCellView.swift */ = {isa = PBXFileReference; lastKnownFileType = sourcecode.swift; path = FeedCellView.swift; sourceTree = "<group>"; };
		698339BA2A767DB800909649 /* NewsBlend.app */ = {isa = PBXFileReference; explicitFileType = wrapper.application; includeInIndex = 0; path = NewsBlend.app; sourceTree = BUILT_PRODUCTS_DIR; };
		698339BD2A767DB800909649 /* AppDelegate.swift */ = {isa = PBXFileReference; lastKnownFileType = sourcecode.swift; path = AppDelegate.swift; sourceTree = "<group>"; };
		698339BF2A767DB800909649 /* SceneDelegate.swift */ = {isa = PBXFileReference; lastKnownFileType = sourcecode.swift; path = SceneDelegate.swift; sourceTree = "<group>"; };
		698339C62A767DB900909649 /* Assets.xcassets */ = {isa = PBXFileReference; lastKnownFileType = folder.assetcatalog; path = Assets.xcassets; sourceTree = "<group>"; };
		698339CB2A767DB900909649 /* Info.plist */ = {isa = PBXFileReference; lastKnownFileType = text.plist.xml; path = Info.plist; sourceTree = "<group>"; };
		69833A072A76A6E100909649 /* NewsModel.swift */ = {isa = PBXFileReference; lastKnownFileType = sourcecode.swift; path = NewsModel.swift; sourceTree = "<group>"; };
		69833A3C2A76AEA400909649 /* FeedContracts.swift */ = {isa = PBXFileReference; lastKnownFileType = sourcecode.swift; path = FeedContracts.swift; sourceTree = "<group>"; };
/* End PBXFileReference section */

/* Begin PBXFrameworksBuildPhase section */
		698339B72A767DB800909649 /* Frameworks */ = {
			isa = PBXFrameworksBuildPhase;
			buildActionMask = 2147483647;
			files = (
				698339DA2A76857F00909649 /* Alamofire in Frameworks */,
				698339D72A76856A00909649 /* Kingfisher in Frameworks */,
				698339D42A7684E200909649 /* SnapKit in Frameworks */,
			);
			runOnlyForDeploymentPostprocessing = 0;
		};
/* End PBXFrameworksBuildPhase section */

/* Begin PBXGroup section */
		6917487D2A77F942003F00D6 /* Network */ = {
			isa = PBXGroup;
			children = (
				6917487B2A77F92E003F00D6 /* FeedNetworkService.swift */,
			);
			path = Network;
			sourceTree = "<group>";
		};
		6917487E2A77F947003F00D6 /* CoreData */ = {
			isa = PBXGroup;
			children = (
				6917487F2A77F967003F00D6 /* FeedCoreDataService.swift */,
			);
			path = CoreData;
			sourceTree = "<group>";
		};
		69796EC92A78FCC300EB6714 /* Cells */ = {
			isa = PBXGroup;
			children = (
				69796EC72A78FBE500EB6714 /* FeedCellView.swift */,
			);
			path = Cells;
			sourceTree = "<group>";
		};
		698339B12A767DB800909649 = {
			isa = PBXGroup;
			children = (
				698339BC2A767DB800909649 /* NewsBlend */,
				698339BB2A767DB800909649 /* Products */,
			);
			sourceTree = "<group>";
		};
		698339BB2A767DB800909649 /* Products */ = {
			isa = PBXGroup;
			children = (
				698339BA2A767DB800909649 /* NewsBlend.app */,
			);
			name = Products;
			sourceTree = "<group>";
		};
		698339BC2A767DB800909649 /* NewsBlend */ = {
			isa = PBXGroup;
			children = (
				698339DB2A76882C00909649 /* Application */,
				69833A332A76AE0700909649 /* DetailModule */,
				69833A322A76ADFC00909649 /* FeedModule */,
				698339DC2A76884400909649 /* Resources */,
				69833A342A76AE1100909649 /* SettingModule */,
			);
			path = NewsBlend;
			sourceTree = "<group>";
		};
		698339DB2A76882C00909649 /* Application */ = {
			isa = PBXGroup;
			children = (
				698339BF2A767DB800909649 /* SceneDelegate.swift */,
				698339BD2A767DB800909649 /* AppDelegate.swift */,
			);
			path = Application;
			sourceTree = "<group>";
		};
		698339DC2A76884400909649 /* Resources */ = {
			isa = PBXGroup;
			children = (
				698339C62A767DB900909649 /* Assets.xcassets */,
				698339CB2A767DB900909649 /* Info.plist */,
			);
			path = Resources;
			sourceTree = "<group>";
		};
		69833A322A76ADFC00909649 /* FeedModule */ = {
			isa = PBXGroup;
			children = (
				69833A3B2A76AE7400909649 /* Assembly */,
				69833A3A2A76AE6B00909649 /* Contracts */,
				69833A392A76AE6300909649 /* Interactor */,
				69833A382A76AE5900909649 /* Presenter */,
				69833A372A76AE5200909649 /* Router */,
				69833A362A76AE4B00909649 /* Services */,
				69833A352A76AE4000909649 /* View */,
			);
			path = FeedModule;
			sourceTree = "<group>";
		};
		69833A332A76AE0700909649 /* DetailModule */ = {
			isa = PBXGroup;
			children = (
				69833A452A76B19F00909649 /* Assembly */,
				69833A462A76B1A500909649 /* Contracts */,
				69833A472A76B1AC00909649 /* Interactor */,
				69833A482A76B1B300909649 /* Presenter */,
				69833A492A76B1BA00909649 /* Router */,
				69833A4A2A76B1C000909649 /* Services */,
				69833A4B2A76B1C900909649 /* View */,
			);
			path = DetailModule;
			sourceTree = "<group>";
		};
		69833A342A76AE1100909649 /* SettingModule */ = {
			isa = PBXGroup;
			children = (
				69833A3E2A76B15B00909649 /* Assembly */,
				69833A3F2A76B16400909649 /* Contracts */,
				69833A402A76B16B00909649 /* Interactor */,
				69833A412A76B17300909649 /* Presenter */,
				69833A422A76B17A00909649 /* Router */,
				69833A432A76B18000909649 /* Services */,
				69833A442A76B18B00909649 /* View */,
			);
			path = SettingModule;
			sourceTree = "<group>";
		};
		69833A352A76AE4000909649 /* View */ = {
			isa = PBXGroup;
			children = (
				69796EC92A78FCC300EB6714 /* Cells */,
				69796EC32A78D55600EB6714 /* FeedViewController.swift */,
			);
			path = View;
			sourceTree = "<group>";
		};
		69833A362A76AE4B00909649 /* Services */ = {
			isa = PBXGroup;
			children = (
				6917487E2A77F947003F00D6 /* CoreData */,
				6917487D2A77F942003F00D6 /* Network */,
			);
			path = Services;
			sourceTree = "<group>";
		};
		69833A372A76AE5200909649 /* Router */ = {
			isa = PBXGroup;
			children = (
				69796EC52A78E35B00EB6714 /* FeedRouter.swift */,
			);
			path = Router;
			sourceTree = "<group>";
		};
		69833A382A76AE5900909649 /* Presenter */ = {
			isa = PBXGroup;
			children = (
				69796EBF2A78CF9E00EB6714 /* FeedPresentor.swift */,
			);
			path = Presenter;
			sourceTree = "<group>";
		};
		69833A392A76AE6300909649 /* Interactor */ = {
			isa = PBXGroup;
			children = (
				69796EC12A78D0BC00EB6714 /* FeedInteractor.swift */,
				69833A072A76A6E100909649 /* NewsModel.swift */,
			);
			path = Interactor;
			sourceTree = "<group>";
		};
		69833A3A2A76AE6B00909649 /* Contracts */ = {
			isa = PBXGroup;
			children = (
				69833A3C2A76AEA400909649 /* FeedContracts.swift */,
			);
			path = Contracts;
			sourceTree = "<group>";
		};
		69833A3B2A76AE7400909649 /* Assembly */ = {
			isa = PBXGroup;
			children = (
				69796EBD2A78CA5000EB6714 /* FeedAssembly.swift */,
			);
			path = Assembly;
			sourceTree = "<group>";
		};
		69833A3E2A76B15B00909649 /* Assembly */ = {
			isa = PBXGroup;
			children = (
			);
			path = Assembly;
			sourceTree = "<group>";
		};
		69833A3F2A76B16400909649 /* Contracts */ = {
			isa = PBXGroup;
			children = (
			);
			path = Contracts;
			sourceTree = "<group>";
		};
		69833A402A76B16B00909649 /* Interactor */ = {
			isa = PBXGroup;
			children = (
			);
			path = Interactor;
			sourceTree = "<group>";
		};
		69833A412A76B17300909649 /* Presenter */ = {
			isa = PBXGroup;
			children = (
			);
			path = Presenter;
			sourceTree = "<group>";
		};
		69833A422A76B17A00909649 /* Router */ = {
			isa = PBXGroup;
			children = (
			);
			path = Router;
			sourceTree = "<group>";
		};
		69833A432A76B18000909649 /* Services */ = {
			isa = PBXGroup;
			children = (
			);
			path = Services;
			sourceTree = "<group>";
		};
		69833A442A76B18B00909649 /* View */ = {
			isa = PBXGroup;
			children = (
			);
			path = View;
			sourceTree = "<group>";
		};
		69833A452A76B19F00909649 /* Assembly */ = {
			isa = PBXGroup;
			children = (
			);
			path = Assembly;
			sourceTree = "<group>";
		};
		69833A462A76B1A500909649 /* Contracts */ = {
			isa = PBXGroup;
			children = (
			);
			path = Contracts;
			sourceTree = "<group>";
		};
		69833A472A76B1AC00909649 /* Interactor */ = {
			isa = PBXGroup;
			children = (
			);
			path = Interactor;
			sourceTree = "<group>";
		};
		69833A482A76B1B300909649 /* Presenter */ = {
			isa = PBXGroup;
			children = (
			);
			path = Presenter;
			sourceTree = "<group>";
		};
		69833A492A76B1BA00909649 /* Router */ = {
			isa = PBXGroup;
			children = (
			);
			path = Router;
			sourceTree = "<group>";
		};
		69833A4A2A76B1C000909649 /* Services */ = {
			isa = PBXGroup;
			children = (
			);
			path = Services;
			sourceTree = "<group>";
		};
		69833A4B2A76B1C900909649 /* View */ = {
			isa = PBXGroup;
			children = (
			);
			path = View;
			sourceTree = "<group>";
		};
/* End PBXGroup section */

/* Begin PBXNativeTarget section */
		698339B92A767DB800909649 /* NewsBlend */ = {
			isa = PBXNativeTarget;
			buildConfigurationList = 698339CE2A767DB900909649 /* Build configuration list for PBXNativeTarget "NewsBlend" */;
			buildPhases = (
				698339B62A767DB800909649 /* Sources */,
				698339B72A767DB800909649 /* Frameworks */,
				698339B82A767DB800909649 /* Resources */,
				698339D12A767EEF00909649 /* ShellScript */,
			);
			buildRules = (
			);
			dependencies = (
			);
			name = NewsBlend;
			packageProductDependencies = (
				698339D32A7684E200909649 /* SnapKit */,
				698339D62A76856A00909649 /* Kingfisher */,
				698339D92A76857F00909649 /* Alamofire */,
			);
			productName = NewsBlend;
			productReference = 698339BA2A767DB800909649 /* NewsBlend.app */;
			productType = "com.apple.product-type.application";
		};
/* End PBXNativeTarget section */

/* Begin PBXProject section */
		698339B22A767DB800909649 /* Project object */ = {
			isa = PBXProject;
			attributes = {
				BuildIndependentTargetsInParallel = 1;
				LastSwiftUpdateCheck = 1420;
				LastUpgradeCheck = 1420;
				TargetAttributes = {
					698339B92A767DB800909649 = {
						CreatedOnToolsVersion = 14.2;
					};
				};
			};
			buildConfigurationList = 698339B52A767DB800909649 /* Build configuration list for PBXProject "NewsBlend" */;
			compatibilityVersion = "Xcode 14.0";
			developmentRegion = en;
			hasScannedForEncodings = 0;
			knownRegions = (
				en,
				Base,
			);
			mainGroup = 698339B12A767DB800909649;
			packageReferences = (
				698339D22A7684E200909649 /* XCRemoteSwiftPackageReference "SnapKit" */,
				698339D52A76856A00909649 /* XCRemoteSwiftPackageReference "Kingfisher" */,
				698339D82A76857F00909649 /* XCRemoteSwiftPackageReference "Alamofire" */,
			);
			productRefGroup = 698339BB2A767DB800909649 /* Products */;
			projectDirPath = "";
			projectRoot = "";
			targets = (
				698339B92A767DB800909649 /* NewsBlend */,
			);
		};
/* End PBXProject section */

/* Begin PBXResourcesBuildPhase section */
		698339B82A767DB800909649 /* Resources */ = {
			isa = PBXResourcesBuildPhase;
			buildActionMask = 2147483647;
			files = (
				698339C72A767DB900909649 /* Assets.xcassets in Resources */,
			);
			runOnlyForDeploymentPostprocessing = 0;
		};
/* End PBXResourcesBuildPhase section */

/* Begin PBXShellScriptBuildPhase section */
		698339D12A767EEF00909649 /* ShellScript */ = {
			isa = PBXShellScriptBuildPhase;
			buildActionMask = 2147483647;
			files = (
			);
			inputFileListPaths = (
			);
			inputPaths = (
			);
			outputFileListPaths = (
			);
			outputPaths = (
			);
			runOnlyForDeploymentPostprocessing = 0;
			shellPath = /bin/sh;
			shellScript = "if which swiftlint > /dev/null; then\n  swiftlint\nelse\n  echo \"warning: SwiftLint not installed, download from https://github.com/realm/SwiftLint\"\nfi\n";
		};
/* End PBXShellScriptBuildPhase section */

/* Begin PBXSourcesBuildPhase section */
		698339B62A767DB800909649 /* Sources */ = {
			isa = PBXSourcesBuildPhase;
			buildActionMask = 2147483647;
			files = (
				69796EC82A78FBE500EB6714 /* FeedCellView.swift in Sources */,
				69833A3D2A76AEA400909649 /* FeedContracts.swift in Sources */,
				69796EBE2A78CA5000EB6714 /* FeedAssembly.swift in Sources */,
				6917487C2A77F92E003F00D6 /* FeedNetworkService.swift in Sources */,
				69796EC42A78D55600EB6714 /* FeedViewController.swift in Sources */,
				69833A082A76A6E100909649 /* NewsModel.swift in Sources */,
				698339BE2A767DB800909649 /* AppDelegate.swift in Sources */,
				69796EC22A78D0BC00EB6714 /* FeedInteractor.swift in Sources */,
				69796EC62A78E35B00EB6714 /* FeedRouter.swift in Sources */,
				698339C02A767DB800909649 /* SceneDelegate.swift in Sources */,
				691748802A77F967003F00D6 /* FeedCoreDataService.swift in Sources */,
				69796EC02A78CF9E00EB6714 /* FeedPresentor.swift in Sources */,
			);
			runOnlyForDeploymentPostprocessing = 0;
		};
/* End PBXSourcesBuildPhase section */

/* Begin XCBuildConfiguration section */
		698339CC2A767DB900909649 /* Debug */ = {
			isa = XCBuildConfiguration;
			buildSettings = {
				ALWAYS_SEARCH_USER_PATHS = NO;
				CLANG_ANALYZER_NONNULL = YES;
				CLANG_ANALYZER_NUMBER_OBJECT_CONVERSION = YES_AGGRESSIVE;
				CLANG_CXX_LANGUAGE_STANDARD = "gnu++20";
				CLANG_ENABLE_MODULES = YES;
				CLANG_ENABLE_OBJC_ARC = YES;
				CLANG_ENABLE_OBJC_WEAK = YES;
				CLANG_WARN_BLOCK_CAPTURE_AUTORELEASING = YES;
				CLANG_WARN_BOOL_CONVERSION = YES;
				CLANG_WARN_COMMA = YES;
				CLANG_WARN_CONSTANT_CONVERSION = YES;
				CLANG_WARN_DEPRECATED_OBJC_IMPLEMENTATIONS = YES;
				CLANG_WARN_DIRECT_OBJC_ISA_USAGE = YES_ERROR;
				CLANG_WARN_DOCUMENTATION_COMMENTS = YES;
				CLANG_WARN_EMPTY_BODY = YES;
				CLANG_WARN_ENUM_CONVERSION = YES;
				CLANG_WARN_INFINITE_RECURSION = YES;
				CLANG_WARN_INT_CONVERSION = YES;
				CLANG_WARN_NON_LITERAL_NULL_CONVERSION = YES;
				CLANG_WARN_OBJC_IMPLICIT_RETAIN_SELF = YES;
				CLANG_WARN_OBJC_LITERAL_CONVERSION = YES;
				CLANG_WARN_OBJC_ROOT_CLASS = YES_ERROR;
				CLANG_WARN_QUOTED_INCLUDE_IN_FRAMEWORK_HEADER = YES;
				CLANG_WARN_RANGE_LOOP_ANALYSIS = YES;
				CLANG_WARN_STRICT_PROTOTYPES = YES;
				CLANG_WARN_SUSPICIOUS_MOVE = YES;
				CLANG_WARN_UNGUARDED_AVAILABILITY = YES_AGGRESSIVE;
				CLANG_WARN_UNREACHABLE_CODE = YES;
				CLANG_WARN__DUPLICATE_METHOD_MATCH = YES;
				COPY_PHASE_STRIP = NO;
				DEBUG_INFORMATION_FORMAT = dwarf;
				ENABLE_STRICT_OBJC_MSGSEND = YES;
				ENABLE_TESTABILITY = YES;
				GCC_C_LANGUAGE_STANDARD = gnu11;
				GCC_DYNAMIC_NO_PIC = NO;
				GCC_NO_COMMON_BLOCKS = YES;
				GCC_OPTIMIZATION_LEVEL = 0;
				GCC_PREPROCESSOR_DEFINITIONS = (
					"DEBUG=1",
					"$(inherited)",
				);
				GCC_WARN_64_TO_32_BIT_CONVERSION = YES;
				GCC_WARN_ABOUT_RETURN_TYPE = YES_ERROR;
				GCC_WARN_UNDECLARED_SELECTOR = YES;
				GCC_WARN_UNINITIALIZED_AUTOS = YES_AGGRESSIVE;
				GCC_WARN_UNUSED_FUNCTION = YES;
				GCC_WARN_UNUSED_VARIABLE = YES;
				IPHONEOS_DEPLOYMENT_TARGET = 16.2;
				MTL_ENABLE_DEBUG_INFO = INCLUDE_SOURCE;
				MTL_FAST_MATH = YES;
				ONLY_ACTIVE_ARCH = YES;
				SDKROOT = iphoneos;
				SWIFT_ACTIVE_COMPILATION_CONDITIONS = DEBUG;
				SWIFT_OPTIMIZATION_LEVEL = "-Onone";
			};
			name = Debug;
		};
		698339CD2A767DB900909649 /* Release */ = {
			isa = XCBuildConfiguration;
			buildSettings = {
				ALWAYS_SEARCH_USER_PATHS = NO;
				CLANG_ANALYZER_NONNULL = YES;
				CLANG_ANALYZER_NUMBER_OBJECT_CONVERSION = YES_AGGRESSIVE;
				CLANG_CXX_LANGUAGE_STANDARD = "gnu++20";
				CLANG_ENABLE_MODULES = YES;
				CLANG_ENABLE_OBJC_ARC = YES;
				CLANG_ENABLE_OBJC_WEAK = YES;
				CLANG_WARN_BLOCK_CAPTURE_AUTORELEASING = YES;
				CLANG_WARN_BOOL_CONVERSION = YES;
				CLANG_WARN_COMMA = YES;
				CLANG_WARN_CONSTANT_CONVERSION = YES;
				CLANG_WARN_DEPRECATED_OBJC_IMPLEMENTATIONS = YES;
				CLANG_WARN_DIRECT_OBJC_ISA_USAGE = YES_ERROR;
				CLANG_WARN_DOCUMENTATION_COMMENTS = YES;
				CLANG_WARN_EMPTY_BODY = YES;
				CLANG_WARN_ENUM_CONVERSION = YES;
				CLANG_WARN_INFINITE_RECURSION = YES;
				CLANG_WARN_INT_CONVERSION = YES;
				CLANG_WARN_NON_LITERAL_NULL_CONVERSION = YES;
				CLANG_WARN_OBJC_IMPLICIT_RETAIN_SELF = YES;
				CLANG_WARN_OBJC_LITERAL_CONVERSION = YES;
				CLANG_WARN_OBJC_ROOT_CLASS = YES_ERROR;
				CLANG_WARN_QUOTED_INCLUDE_IN_FRAMEWORK_HEADER = YES;
				CLANG_WARN_RANGE_LOOP_ANALYSIS = YES;
				CLANG_WARN_STRICT_PROTOTYPES = YES;
				CLANG_WARN_SUSPICIOUS_MOVE = YES;
				CLANG_WARN_UNGUARDED_AVAILABILITY = YES_AGGRESSIVE;
				CLANG_WARN_UNREACHABLE_CODE = YES;
				CLANG_WARN__DUPLICATE_METHOD_MATCH = YES;
				COPY_PHASE_STRIP = NO;
				DEBUG_INFORMATION_FORMAT = "dwarf-with-dsym";
				ENABLE_NS_ASSERTIONS = NO;
				ENABLE_STRICT_OBJC_MSGSEND = YES;
				GCC_C_LANGUAGE_STANDARD = gnu11;
				GCC_NO_COMMON_BLOCKS = YES;
				GCC_WARN_64_TO_32_BIT_CONVERSION = YES;
				GCC_WARN_ABOUT_RETURN_TYPE = YES_ERROR;
				GCC_WARN_UNDECLARED_SELECTOR = YES;
				GCC_WARN_UNINITIALIZED_AUTOS = YES_AGGRESSIVE;
				GCC_WARN_UNUSED_FUNCTION = YES;
				GCC_WARN_UNUSED_VARIABLE = YES;
				IPHONEOS_DEPLOYMENT_TARGET = 16.2;
				MTL_ENABLE_DEBUG_INFO = NO;
				MTL_FAST_MATH = YES;
				SDKROOT = iphoneos;
				SWIFT_COMPILATION_MODE = wholemodule;
				SWIFT_OPTIMIZATION_LEVEL = "-O";
				VALIDATE_PRODUCT = YES;
			};
			name = Release;
		};
		698339CF2A767DB900909649 /* Debug */ = {
			isa = XCBuildConfiguration;
			buildSettings = {
				ASSETCATALOG_COMPILER_APPICON_NAME = AppIcon;
				ASSETCATALOG_COMPILER_GLOBAL_ACCENT_COLOR_NAME = AccentColor;
				CODE_SIGN_STYLE = Automatic;
				CURRENT_PROJECT_VERSION = 1;
				DEVELOPMENT_TEAM = 9N9JA5WXC4;
				GENERATE_INFOPLIST_FILE = YES;
				INFOPLIST_FILE = NewsBlend/Resources/Info.plist;
				INFOPLIST_KEY_CFBundleDisplayName = "News Blend";
				INFOPLIST_KEY_LSApplicationCategoryType = "public.app-category.magazines-and-newspapers";
				INFOPLIST_KEY_UIApplicationSupportsIndirectInputEvents = YES;
				INFOPLIST_KEY_UILaunchStoryboardName = LaunchScreen;
				INFOPLIST_KEY_UIMainStoryboardFile = "";
				INFOPLIST_KEY_UISupportedInterfaceOrientations = UIInterfaceOrientationPortrait;
				LD_RUNPATH_SEARCH_PATHS = (
					"$(inherited)",
					"@executable_path/Frameworks",
				);
				MARKETING_VERSION = 1.0;
				PRODUCT_BUNDLE_IDENTIFIER = by.benikov.NewsBlend;
				PRODUCT_NAME = "$(TARGET_NAME)";
				SUPPORTED_PLATFORMS = "iphoneos iphonesimulator";
				SUPPORTS_MACCATALYST = NO;
				SUPPORTS_MAC_DESIGNED_FOR_IPHONE_IPAD = NO;
				SWIFT_EMIT_LOC_STRINGS = YES;
				SWIFT_VERSION = 5.0;
				TARGETED_DEVICE_FAMILY = "1,2";
			};
			name = Debug;
		};
		698339D02A767DB900909649 /* Release */ = {
			isa = XCBuildConfiguration;
			buildSettings = {
				ASSETCATALOG_COMPILER_APPICON_NAME = AppIcon;
				ASSETCATALOG_COMPILER_GLOBAL_ACCENT_COLOR_NAME = AccentColor;
				CODE_SIGN_STYLE = Automatic;
				CURRENT_PROJECT_VERSION = 1;
				DEVELOPMENT_TEAM = 9N9JA5WXC4;
				GENERATE_INFOPLIST_FILE = YES;
				INFOPLIST_FILE = NewsBlend/Resources/Info.plist;
				INFOPLIST_KEY_CFBundleDisplayName = "News Blend";
				INFOPLIST_KEY_LSApplicationCategoryType = "public.app-category.magazines-and-newspapers";
				INFOPLIST_KEY_UIApplicationSupportsIndirectInputEvents = YES;
				INFOPLIST_KEY_UILaunchStoryboardName = LaunchScreen;
				INFOPLIST_KEY_UIMainStoryboardFile = "";
				INFOPLIST_KEY_UISupportedInterfaceOrientations = UIInterfaceOrientationPortrait;
				LD_RUNPATH_SEARCH_PATHS = (
					"$(inherited)",
					"@executable_path/Frameworks",
				);
				MARKETING_VERSION = 1.0;
				PRODUCT_BUNDLE_IDENTIFIER = by.benikov.NewsBlend;
				PRODUCT_NAME = "$(TARGET_NAME)";
				SUPPORTED_PLATFORMS = "iphoneos iphonesimulator";
				SUPPORTS_MACCATALYST = NO;
				SUPPORTS_MAC_DESIGNED_FOR_IPHONE_IPAD = NO;
				SWIFT_EMIT_LOC_STRINGS = YES;
				SWIFT_VERSION = 5.0;
				TARGETED_DEVICE_FAMILY = "1,2";
			};
			name = Release;
		};
/* End XCBuildConfiguration section */

/* Begin XCConfigurationList section */
		698339B52A767DB800909649 /* Build configuration list for PBXProject "NewsBlend" */ = {
			isa = XCConfigurationList;
			buildConfigurations = (
				698339CC2A767DB900909649 /* Debug */,
				698339CD2A767DB900909649 /* Release */,
			);
			defaultConfigurationIsVisible = 0;
			defaultConfigurationName = Release;
		};
		698339CE2A767DB900909649 /* Build configuration list for PBXNativeTarget "NewsBlend" */ = {
			isa = XCConfigurationList;
			buildConfigurations = (
				698339CF2A767DB900909649 /* Debug */,
				698339D02A767DB900909649 /* Release */,
			);
			defaultConfigurationIsVisible = 0;
			defaultConfigurationName = Release;
		};
/* End XCConfigurationList section */

/* Begin XCRemoteSwiftPackageReference section */
		698339D22A7684E200909649 /* XCRemoteSwiftPackageReference "SnapKit" */ = {
			isa = XCRemoteSwiftPackageReference;
			repositoryURL = "https://github.com/SnapKit/SnapKit";
			requirement = {
				branch = develop;
				kind = branch;
			};
		};
		698339D52A76856A00909649 /* XCRemoteSwiftPackageReference "Kingfisher" */ = {
			isa = XCRemoteSwiftPackageReference;
			repositoryURL = "https://github.com/onevcat/Kingfisher.git";
			requirement = {
				branch = master;
				kind = branch;
			};
		};
		698339D82A76857F00909649 /* XCRemoteSwiftPackageReference "Alamofire" */ = {
			isa = XCRemoteSwiftPackageReference;
			repositoryURL = "https://github.com/Alamofire/Alamofire";
			requirement = {
				branch = master;
				kind = branch;
			};
		};
/* End XCRemoteSwiftPackageReference section */

/* Begin XCSwiftPackageProductDependency section */
		698339D32A7684E200909649 /* SnapKit */ = {
			isa = XCSwiftPackageProductDependency;
			package = 698339D22A7684E200909649 /* XCRemoteSwiftPackageReference "SnapKit" */;
			productName = SnapKit;
		};
		698339D62A76856A00909649 /* Kingfisher */ = {
			isa = XCSwiftPackageProductDependency;
			package = 698339D52A76856A00909649 /* XCRemoteSwiftPackageReference "Kingfisher" */;
			productName = Kingfisher;
		};
		698339D92A76857F00909649 /* Alamofire */ = {
			isa = XCSwiftPackageProductDependency;
			package = 698339D82A76857F00909649 /* XCRemoteSwiftPackageReference "Alamofire" */;
			productName = Alamofire;
		};
/* End XCSwiftPackageProductDependency section */
	};
	rootObject = 698339B22A767DB800909649 /* Project object */;
}
