// !$*UTF8*$!
{
	archiveVersion = 1;
	classes = {
	};
	objectVersion = 56;
	objects = {

/* Begin PBXBuildFile section */
		6906D3022AB32426004E052F /* LottieUnknownError.swift in Sources */ = {isa = PBXBuildFile; fileRef = 6906D3012AB32426004E052F /* LottieUnknownError.swift */; };
		6917487C2A77F92E003F00D6 /* FeedNetworkService.swift in Sources */ = {isa = PBXBuildFile; fileRef = 6917487B2A77F92E003F00D6 /* FeedNetworkService.swift */; };
		691C01692A7B91FF004E22FB /* TrendingsCell.swift in Sources */ = {isa = PBXBuildFile; fileRef = 691C01682A7B91FF004E22FB /* TrendingsCell.swift */; };
		691C016D2A7BBC42004E22FB /* DetailViewController.swift in Sources */ = {isa = PBXBuildFile; fileRef = 691C016C2A7BBC42004E22FB /* DetailViewController.swift */; };
		691C01712A7BBC97004E22FB /* DetailRouter.swift in Sources */ = {isa = PBXBuildFile; fileRef = 691C01702A7BBC97004E22FB /* DetailRouter.swift */; };
		691C01732A7BBCB2004E22FB /* DetailPresenter.swift in Sources */ = {isa = PBXBuildFile; fileRef = 691C01722A7BBCB2004E22FB /* DetailPresenter.swift */; };
		691C01752A7BBCCE004E22FB /* DetailInteractor.swift in Sources */ = {isa = PBXBuildFile; fileRef = 691C01742A7BBCCE004E22FB /* DetailInteractor.swift */; };
		691C01772A7BBCF6004E22FB /* DetailContracts.swift in Sources */ = {isa = PBXBuildFile; fileRef = 691C01762A7BBCF6004E22FB /* DetailContracts.swift */; };
		691C01792A7BBD1B004E22FB /* DetailAssembly.swift in Sources */ = {isa = PBXBuildFile; fileRef = 691C01782A7BBD1B004E22FB /* DetailAssembly.swift */; };
		69242EF02A88BB89008F040E /* NBSContracts.swift in Sources */ = {isa = PBXBuildFile; fileRef = 69242EEF2A88BB89008F040E /* NBSContracts.swift */; };
		69242EF22A88BBEA008F040E /* NBSViewController.swift in Sources */ = {isa = PBXBuildFile; fileRef = 69242EF12A88BBEA008F040E /* NBSViewController.swift */; };
		69242EF72A88BE9C008F040E /* NBSNetworkService.swift in Sources */ = {isa = PBXBuildFile; fileRef = 69242EF62A88BE9C008F040E /* NBSNetworkService.swift */; };
		69242EFC2A88BF79008F040E /* NBSInteractor.swift in Sources */ = {isa = PBXBuildFile; fileRef = 69242EFB2A88BF79008F040E /* NBSInteractor.swift */; };
		69242EFF2A88C007008F040E /* NBSPresenter.swift in Sources */ = {isa = PBXBuildFile; fileRef = 69242EFE2A88C007008F040E /* NBSPresenter.swift */; };
		69242F012A88C0E1008F040E /* NBSAssembly.swift in Sources */ = {isa = PBXBuildFile; fileRef = 69242F002A88C0E1008F040E /* NBSAssembly.swift */; };
		69242F042A88C1D5008F040E /* NBSRouter.swift in Sources */ = {isa = PBXBuildFile; fileRef = 69242F032A88C1D5008F040E /* NBSRouter.swift */; };
		69242F082A8907F4008F040E /* SourcesCell.swift in Sources */ = {isa = PBXBuildFile; fileRef = 69242F072A8907F4008F040E /* SourcesCell.swift */; };
		695F7FBB2A836BAF003EC2F9 /* NewsSettingViewController.swift in Sources */ = {isa = PBXBuildFile; fileRef = 695F7FBA2A836BAF003EC2F9 /* NewsSettingViewController.swift */; };
		695F7FBD2A836DC8003EC2F9 /* SourcesModelDTO.swift in Sources */ = {isa = PBXBuildFile; fileRef = 695F7FBC2A836DC8003EC2F9 /* SourcesModelDTO.swift */; };
		696197492A8EA62C00602213 /* ArticleShortCell.swift in Sources */ = {isa = PBXBuildFile; fileRef = 696197482A8EA62C00602213 /* ArticleShortCell.swift */; };
		69771FB52A820C4C007D608F /* SettingNetworkService.swift in Sources */ = {isa = PBXBuildFile; fileRef = 69771FB42A820C4C007D608F /* SettingNetworkService.swift */; };
		69796EBE2A78CA5000EB6714 /* FeedAssembly.swift in Sources */ = {isa = PBXBuildFile; fileRef = 69796EBD2A78CA5000EB6714 /* FeedAssembly.swift */; };
		69796EC02A78CF9E00EB6714 /* FeedPresenter.swift in Sources */ = {isa = PBXBuildFile; fileRef = 69796EBF2A78CF9E00EB6714 /* FeedPresenter.swift */; };
		69796EC22A78D0BC00EB6714 /* FeedInteractor.swift in Sources */ = {isa = PBXBuildFile; fileRef = 69796EC12A78D0BC00EB6714 /* FeedInteractor.swift */; };
		69796EC42A78D55600EB6714 /* FeedViewController.swift in Sources */ = {isa = PBXBuildFile; fileRef = 69796EC32A78D55600EB6714 /* FeedViewController.swift */; };
		69796EC62A78E35B00EB6714 /* FeedRouter.swift in Sources */ = {isa = PBXBuildFile; fileRef = 69796EC52A78E35B00EB6714 /* FeedRouter.swift */; };
		69796EC82A78FBE500EB6714 /* ArticleFullCell.swift in Sources */ = {isa = PBXBuildFile; fileRef = 69796EC72A78FBE500EB6714 /* ArticleFullCell.swift */; };
		6980B6322AB0A167002385A6 /* Storage.swift in Sources */ = {isa = PBXBuildFile; fileRef = 6980B6312AB0A167002385A6 /* Storage.swift */; };
		6980B6342AB0B56E002385A6 /* NBSArticleConverter.swift in Sources */ = {isa = PBXBuildFile; fileRef = 6980B6332AB0B56E002385A6 /* NBSArticleConverter.swift */; };
		6980B6362AB0B59A002385A6 /* SettingArticleConverter.swift in Sources */ = {isa = PBXBuildFile; fileRef = 6980B6352AB0B59A002385A6 /* SettingArticleConverter.swift */; };
		698339BE2A767DB800909649 /* AppDelegate.swift in Sources */ = {isa = PBXBuildFile; fileRef = 698339BD2A767DB800909649 /* AppDelegate.swift */; };
		698339C02A767DB800909649 /* SceneDelegate.swift in Sources */ = {isa = PBXBuildFile; fileRef = 698339BF2A767DB800909649 /* SceneDelegate.swift */; };
		698339C72A767DB900909649 /* Assets.xcassets in Resources */ = {isa = PBXBuildFile; fileRef = 698339C62A767DB900909649 /* Assets.xcassets */; };
		698339D42A7684E200909649 /* SnapKit in Frameworks */ = {isa = PBXBuildFile; productRef = 698339D32A7684E200909649 /* SnapKit */; };
		698339D72A76856A00909649 /* Kingfisher in Frameworks */ = {isa = PBXBuildFile; productRef = 698339D62A76856A00909649 /* Kingfisher */; };
		698339DA2A76857F00909649 /* Alamofire in Frameworks */ = {isa = PBXBuildFile; productRef = 698339D92A76857F00909649 /* Alamofire */; };
		69833A082A76A6E100909649 /* NewsModelDTO.swift in Sources */ = {isa = PBXBuildFile; fileRef = 69833A072A76A6E100909649 /* NewsModelDTO.swift */; };
		69833A3D2A76AEA400909649 /* FeedContracts.swift in Sources */ = {isa = PBXBuildFile; fileRef = 69833A3C2A76AEA400909649 /* FeedContracts.swift */; };
		69B2BFB12A823591000465BC /* SettingsCell.swift in Sources */ = {isa = PBXBuildFile; fileRef = 69B2BFB02A823591000465BC /* SettingsCell.swift */; };
		69B59FA12A87863C00B80CD4 /* SourceCell.swift in Sources */ = {isa = PBXBuildFile; fileRef = 69B59FA02A87863C00B80CD4 /* SourceCell.swift */; };
		69B59FA62A87C5DE00B80CD4 /* ArticleModel.swift in Sources */ = {isa = PBXBuildFile; fileRef = 69B59FA52A87C5DE00B80CD4 /* ArticleModel.swift */; };
		69B59FA82A87D16B00B80CD4 /* SourceModel.swift in Sources */ = {isa = PBXBuildFile; fileRef = 69B59FA72A87D16B00B80CD4 /* SourceModel.swift */; };
		69BB2B2F2A7984AE00B5BDE1 /* SettingsViewController.swift in Sources */ = {isa = PBXBuildFile; fileRef = 69BB2B2E2A7984AE00B5BDE1 /* SettingsViewController.swift */; };
		69BB2B342A7984F400B5BDE1 /* SettingsRouter.swift in Sources */ = {isa = PBXBuildFile; fileRef = 69BB2B332A7984F400B5BDE1 /* SettingsRouter.swift */; };
		69BB2B362A79850B00B5BDE1 /* SettingsPresenter.swift in Sources */ = {isa = PBXBuildFile; fileRef = 69BB2B352A79850B00B5BDE1 /* SettingsPresenter.swift */; };
		69BB2B382A79851D00B5BDE1 /* SettingsInteractor.swift in Sources */ = {isa = PBXBuildFile; fileRef = 69BB2B372A79851D00B5BDE1 /* SettingsInteractor.swift */; };
		69BB2B3A2A79853C00B5BDE1 /* SettingsContracts.swift in Sources */ = {isa = PBXBuildFile; fileRef = 69BB2B392A79853C00B5BDE1 /* SettingsContracts.swift */; };
		69BB2B3C2A79855000B5BDE1 /* SettingsAssembly.swift in Sources */ = {isa = PBXBuildFile; fileRef = 69BB2B3B2A79855000B5BDE1 /* SettingsAssembly.swift */; };
		69D475422AB22D39007589A4 /* NBSArticleView.swift in Sources */ = {isa = PBXBuildFile; fileRef = 69D475412AB22D39007589A4 /* NBSArticleView.swift */; };
		69E298B32A7D0E17001BFBB4 /* Loader.swift in Sources */ = {isa = PBXBuildFile; fileRef = 69E298B22A7D0E17001BFBB4 /* Loader.swift */; };
		69FD967E2AAF16DB007F3A4B /* NBSParser.swift in Sources */ = {isa = PBXBuildFile; fileRef = 69FD967D2AAF16DB007F3A4B /* NBSParser.swift */; };
		69FD96812AAF207F007F3A4B /* SettingParser.swift in Sources */ = {isa = PBXBuildFile; fileRef = 69FD96802AAF207F007F3A4B /* SettingParser.swift */; };
		69FD96842AAF244B007F3A4B /* FeedParser.swift in Sources */ = {isa = PBXBuildFile; fileRef = 69FD96832AAF244B007F3A4B /* FeedParser.swift */; };
		69FD96862AAF2652007F3A4B /* FeedConverter.swift in Sources */ = {isa = PBXBuildFile; fileRef = 69FD96852AAF2652007F3A4B /* FeedConverter.swift */; };
		69FD96882AAF28A3007F3A4B /* ArticleCoding.swift in Sources */ = {isa = PBXBuildFile; fileRef = 69FD96872AAF28A3007F3A4B /* ArticleCoding.swift */; };
		69FD968A2AAF28F5007F3A4B /* SourceCoding.swift in Sources */ = {isa = PBXBuildFile; fileRef = 69FD96892AAF28F5007F3A4B /* SourceCoding.swift */; };
		69FD968C2AAF2982007F3A4B /* NBSSourceConverter.swift in Sources */ = {isa = PBXBuildFile; fileRef = 69FD968B2AAF2982007F3A4B /* NBSSourceConverter.swift */; };
		69FD968E2AAF2A55007F3A4B /* SettingConverter.swift in Sources */ = {isa = PBXBuildFile; fileRef = 69FD968D2AAF2A55007F3A4B /* SettingConverter.swift */; };
/* End PBXBuildFile section */

/* Begin PBXFileReference section */
		6906D3012AB32426004E052F /* LottieUnknownError.swift */ = {isa = PBXFileReference; lastKnownFileType = sourcecode.swift; path = LottieUnknownError.swift; sourceTree = "<group>"; };
		6917487B2A77F92E003F00D6 /* FeedNetworkService.swift */ = {isa = PBXFileReference; lastKnownFileType = sourcecode.swift; path = FeedNetworkService.swift; sourceTree = "<group>"; };
		691C01682A7B91FF004E22FB /* TrendingsCell.swift */ = {isa = PBXFileReference; lastKnownFileType = sourcecode.swift; path = TrendingsCell.swift; sourceTree = "<group>"; };
		691C016C2A7BBC42004E22FB /* DetailViewController.swift */ = {isa = PBXFileReference; lastKnownFileType = sourcecode.swift; path = DetailViewController.swift; sourceTree = "<group>"; };
		691C01702A7BBC97004E22FB /* DetailRouter.swift */ = {isa = PBXFileReference; lastKnownFileType = sourcecode.swift; path = DetailRouter.swift; sourceTree = "<group>"; };
		691C01722A7BBCB2004E22FB /* DetailPresenter.swift */ = {isa = PBXFileReference; lastKnownFileType = sourcecode.swift; path = DetailPresenter.swift; sourceTree = "<group>"; };
		691C01742A7BBCCE004E22FB /* DetailInteractor.swift */ = {isa = PBXFileReference; lastKnownFileType = sourcecode.swift; path = DetailInteractor.swift; sourceTree = "<group>"; };
		691C01762A7BBCF6004E22FB /* DetailContracts.swift */ = {isa = PBXFileReference; lastKnownFileType = sourcecode.swift; path = DetailContracts.swift; sourceTree = "<group>"; };
		691C01782A7BBD1B004E22FB /* DetailAssembly.swift */ = {isa = PBXFileReference; lastKnownFileType = sourcecode.swift; path = DetailAssembly.swift; sourceTree = "<group>"; };
		69242EEF2A88BB89008F040E /* NBSContracts.swift */ = {isa = PBXFileReference; lastKnownFileType = sourcecode.swift; path = NBSContracts.swift; sourceTree = "<group>"; };
		69242EF12A88BBEA008F040E /* NBSViewController.swift */ = {isa = PBXFileReference; lastKnownFileType = sourcecode.swift; path = NBSViewController.swift; sourceTree = "<group>"; };
		69242EF62A88BE9C008F040E /* NBSNetworkService.swift */ = {isa = PBXFileReference; lastKnownFileType = sourcecode.swift; path = NBSNetworkService.swift; sourceTree = "<group>"; };
		69242EFB2A88BF79008F040E /* NBSInteractor.swift */ = {isa = PBXFileReference; lastKnownFileType = sourcecode.swift; path = NBSInteractor.swift; sourceTree = "<group>"; };
		69242EFE2A88C007008F040E /* NBSPresenter.swift */ = {isa = PBXFileReference; lastKnownFileType = sourcecode.swift; path = NBSPresenter.swift; sourceTree = "<group>"; };
		69242F002A88C0E1008F040E /* NBSAssembly.swift */ = {isa = PBXFileReference; lastKnownFileType = sourcecode.swift; path = NBSAssembly.swift; sourceTree = "<group>"; };
		69242F032A88C1D5008F040E /* NBSRouter.swift */ = {isa = PBXFileReference; lastKnownFileType = sourcecode.swift; path = NBSRouter.swift; sourceTree = "<group>"; };
		69242F072A8907F4008F040E /* SourcesCell.swift */ = {isa = PBXFileReference; lastKnownFileType = sourcecode.swift; path = SourcesCell.swift; sourceTree = "<group>"; };
		695F7FBA2A836BAF003EC2F9 /* NewsSettingViewController.swift */ = {isa = PBXFileReference; lastKnownFileType = sourcecode.swift; path = NewsSettingViewController.swift; sourceTree = "<group>"; };
		695F7FBC2A836DC8003EC2F9 /* SourcesModelDTO.swift */ = {isa = PBXFileReference; lastKnownFileType = sourcecode.swift; path = SourcesModelDTO.swift; sourceTree = "<group>"; };
		696197482A8EA62C00602213 /* ArticleShortCell.swift */ = {isa = PBXFileReference; lastKnownFileType = sourcecode.swift; path = ArticleShortCell.swift; sourceTree = "<group>"; };
		69771FB42A820C4C007D608F /* SettingNetworkService.swift */ = {isa = PBXFileReference; lastKnownFileType = sourcecode.swift; path = SettingNetworkService.swift; sourceTree = "<group>"; };
		69796EBD2A78CA5000EB6714 /* FeedAssembly.swift */ = {isa = PBXFileReference; lastKnownFileType = sourcecode.swift; path = FeedAssembly.swift; sourceTree = "<group>"; };
		69796EBF2A78CF9E00EB6714 /* FeedPresenter.swift */ = {isa = PBXFileReference; lastKnownFileType = sourcecode.swift; path = FeedPresenter.swift; sourceTree = "<group>"; };
		69796EC12A78D0BC00EB6714 /* FeedInteractor.swift */ = {isa = PBXFileReference; lastKnownFileType = sourcecode.swift; path = FeedInteractor.swift; sourceTree = "<group>"; };
		69796EC32A78D55600EB6714 /* FeedViewController.swift */ = {isa = PBXFileReference; lastKnownFileType = sourcecode.swift; path = FeedViewController.swift; sourceTree = "<group>"; };
		69796EC52A78E35B00EB6714 /* FeedRouter.swift */ = {isa = PBXFileReference; lastKnownFileType = sourcecode.swift; path = FeedRouter.swift; sourceTree = "<group>"; };
		69796EC72A78FBE500EB6714 /* ArticleFullCell.swift */ = {isa = PBXFileReference; lastKnownFileType = sourcecode.swift; path = ArticleFullCell.swift; sourceTree = "<group>"; };
		6980B6312AB0A167002385A6 /* Storage.swift */ = {isa = PBXFileReference; lastKnownFileType = sourcecode.swift; path = Storage.swift; sourceTree = "<group>"; };
		6980B6332AB0B56E002385A6 /* NBSArticleConverter.swift */ = {isa = PBXFileReference; lastKnownFileType = sourcecode.swift; path = NBSArticleConverter.swift; sourceTree = "<group>"; };
		6980B6352AB0B59A002385A6 /* SettingArticleConverter.swift */ = {isa = PBXFileReference; lastKnownFileType = sourcecode.swift; path = SettingArticleConverter.swift; sourceTree = "<group>"; };
		698339BA2A767DB800909649 /* NewsBlend.app */ = {isa = PBXFileReference; explicitFileType = wrapper.application; includeInIndex = 0; path = NewsBlend.app; sourceTree = BUILT_PRODUCTS_DIR; };
		698339BD2A767DB800909649 /* AppDelegate.swift */ = {isa = PBXFileReference; lastKnownFileType = sourcecode.swift; path = AppDelegate.swift; sourceTree = "<group>"; };
		698339BF2A767DB800909649 /* SceneDelegate.swift */ = {isa = PBXFileReference; lastKnownFileType = sourcecode.swift; path = SceneDelegate.swift; sourceTree = "<group>"; };
		698339C62A767DB900909649 /* Assets.xcassets */ = {isa = PBXFileReference; lastKnownFileType = folder.assetcatalog; path = Assets.xcassets; sourceTree = "<group>"; };
		698339CB2A767DB900909649 /* Info.plist */ = {isa = PBXFileReference; lastKnownFileType = text.plist.xml; path = Info.plist; sourceTree = "<group>"; };
		69833A072A76A6E100909649 /* NewsModelDTO.swift */ = {isa = PBXFileReference; lastKnownFileType = sourcecode.swift; path = NewsModelDTO.swift; sourceTree = "<group>"; };
		69833A3C2A76AEA400909649 /* FeedContracts.swift */ = {isa = PBXFileReference; lastKnownFileType = sourcecode.swift; path = FeedContracts.swift; sourceTree = "<group>"; };
		69B2BFB02A823591000465BC /* SettingsCell.swift */ = {isa = PBXFileReference; lastKnownFileType = sourcecode.swift; path = SettingsCell.swift; sourceTree = "<group>"; };
		69B59FA02A87863C00B80CD4 /* SourceCell.swift */ = {isa = PBXFileReference; lastKnownFileType = sourcecode.swift; path = SourceCell.swift; sourceTree = "<group>"; };
		69B59FA52A87C5DE00B80CD4 /* ArticleModel.swift */ = {isa = PBXFileReference; lastKnownFileType = sourcecode.swift; path = ArticleModel.swift; sourceTree = "<group>"; };
		69B59FA72A87D16B00B80CD4 /* SourceModel.swift */ = {isa = PBXFileReference; lastKnownFileType = sourcecode.swift; path = SourceModel.swift; sourceTree = "<group>"; };
		69BB2B2E2A7984AE00B5BDE1 /* SettingsViewController.swift */ = {isa = PBXFileReference; lastKnownFileType = sourcecode.swift; path = SettingsViewController.swift; sourceTree = "<group>"; };
		69BB2B332A7984F400B5BDE1 /* SettingsRouter.swift */ = {isa = PBXFileReference; lastKnownFileType = sourcecode.swift; path = SettingsRouter.swift; sourceTree = "<group>"; };
		69BB2B352A79850B00B5BDE1 /* SettingsPresenter.swift */ = {isa = PBXFileReference; lastKnownFileType = sourcecode.swift; path = SettingsPresenter.swift; sourceTree = "<group>"; };
		69BB2B372A79851D00B5BDE1 /* SettingsInteractor.swift */ = {isa = PBXFileReference; lastKnownFileType = sourcecode.swift; path = SettingsInteractor.swift; sourceTree = "<group>"; };
		69BB2B392A79853C00B5BDE1 /* SettingsContracts.swift */ = {isa = PBXFileReference; lastKnownFileType = sourcecode.swift; path = SettingsContracts.swift; sourceTree = "<group>"; };
		69BB2B3B2A79855000B5BDE1 /* SettingsAssembly.swift */ = {isa = PBXFileReference; lastKnownFileType = sourcecode.swift; path = SettingsAssembly.swift; sourceTree = "<group>"; };
		69D475412AB22D39007589A4 /* NBSArticleView.swift */ = {isa = PBXFileReference; lastKnownFileType = sourcecode.swift; path = NBSArticleView.swift; sourceTree = "<group>"; };
		69E298B22A7D0E17001BFBB4 /* Loader.swift */ = {isa = PBXFileReference; lastKnownFileType = sourcecode.swift; path = Loader.swift; sourceTree = "<group>"; };
		69FD967D2AAF16DB007F3A4B /* NBSParser.swift */ = {isa = PBXFileReference; lastKnownFileType = sourcecode.swift; path = NBSParser.swift; sourceTree = "<group>"; };
		69FD96802AAF207F007F3A4B /* SettingParser.swift */ = {isa = PBXFileReference; lastKnownFileType = sourcecode.swift; path = SettingParser.swift; sourceTree = "<group>"; };
		69FD96832AAF244B007F3A4B /* FeedParser.swift */ = {isa = PBXFileReference; lastKnownFileType = sourcecode.swift; path = FeedParser.swift; sourceTree = "<group>"; };
		69FD96852AAF2652007F3A4B /* FeedConverter.swift */ = {isa = PBXFileReference; lastKnownFileType = sourcecode.swift; path = FeedConverter.swift; sourceTree = "<group>"; };
		69FD96872AAF28A3007F3A4B /* ArticleCoding.swift */ = {isa = PBXFileReference; lastKnownFileType = sourcecode.swift; path = ArticleCoding.swift; sourceTree = "<group>"; };
		69FD96892AAF28F5007F3A4B /* SourceCoding.swift */ = {isa = PBXFileReference; lastKnownFileType = sourcecode.swift; path = SourceCoding.swift; sourceTree = "<group>"; };
		69FD968B2AAF2982007F3A4B /* NBSSourceConverter.swift */ = {isa = PBXFileReference; lastKnownFileType = sourcecode.swift; path = NBSSourceConverter.swift; sourceTree = "<group>"; };
		69FD968D2AAF2A55007F3A4B /* SettingConverter.swift */ = {isa = PBXFileReference; lastKnownFileType = sourcecode.swift; path = SettingConverter.swift; sourceTree = "<group>"; };
/* End PBXFileReference section */

/* Begin PBXFrameworksBuildPhase section */
		698339B72A767DB800909649 /* Frameworks */ = {
			isa = PBXFrameworksBuildPhase;
			buildActionMask = 2147483647;
			files = (
				698339DA2A76857F00909649 /* Alamofire in Frameworks */,
				698339D72A76856A00909649 /* Kingfisher in Frameworks */,
				698339D42A7684E200909649 /* SnapKit in Frameworks */,
			);
			runOnlyForDeploymentPostprocessing = 0;
		};
/* End PBXFrameworksBuildPhase section */

/* Begin PBXGroup section */
		09617C112AADDC2200954FC8 /* CommonModels */ = {
			isa = PBXGroup;
			children = (
				69B59FA72A87D16B00B80CD4 /* SourceModel.swift */,
				69B59FA52A87C5DE00B80CD4 /* ArticleModel.swift */,
			);
			path = CommonModels;
			sourceTree = "<group>";
		};
		09617C122AADEECF00954FC8 /* Source */ = {
			isa = PBXGroup;
			children = (
				69FD96892AAF28F5007F3A4B /* SourceCoding.swift */,
			);
			path = Source;
			sourceTree = "<group>";
		};
		09617C132AADEEDC00954FC8 /* Article */ = {
			isa = PBXGroup;
			children = (
				69FD96872AAF28A3007F3A4B /* ArticleCoding.swift */,
			);
			path = Article;
			sourceTree = "<group>";
		};
		6906D3002AB2EA2A004E052F /* Storage */ = {
			isa = PBXGroup;
			children = (
				6980B6312AB0A167002385A6 /* Storage.swift */,
			);
			path = Storage;
			sourceTree = "<group>";
		};
		6917487D2A77F942003F00D6 /* Network */ = {
			isa = PBXGroup;
			children = (
				6917487B2A77F92E003F00D6 /* FeedNetworkService.swift */,
			);
			path = Network;
			sourceTree = "<group>";
		};
		69242EE52A88B869008F040E /* NBSModule */ = {
			isa = PBXGroup;
			children = (
				69FD967C2AAF16B7007F3A4B /* Helper */,
				69242EE92A88BB0D008F040E /* Assembly */,
				69242EEA2A88BB23008F040E /* Contracts */,
				69242EEB2A88BB2B008F040E /* Interactor */,
				69242EED2A88BB4F008F040E /* Presenter */,
				69242F022A88C1C7008F040E /* Router */,
				69242EEC2A88BB40008F040E /* Services */,
				69242EEE2A88BB5B008F040E /* View */,
			);
			path = NBSModule;
			sourceTree = "<group>";
		};
		69242EE92A88BB0D008F040E /* Assembly */ = {
			isa = PBXGroup;
			children = (
				69242F002A88C0E1008F040E /* NBSAssembly.swift */,
			);
			path = Assembly;
			sourceTree = "<group>";
		};
		69242EEA2A88BB23008F040E /* Contracts */ = {
			isa = PBXGroup;
			children = (
				69242EEF2A88BB89008F040E /* NBSContracts.swift */,
			);
			path = Contracts;
			sourceTree = "<group>";
		};
		69242EEB2A88BB2B008F040E /* Interactor */ = {
			isa = PBXGroup;
			children = (
				69242EFB2A88BF79008F040E /* NBSInteractor.swift */,
			);
			path = Interactor;
			sourceTree = "<group>";
		};
		69242EEC2A88BB40008F040E /* Services */ = {
			isa = PBXGroup;
			children = (
				69242EF32A88BE09008F040E /* Network */,
			);
			path = Services;
			sourceTree = "<group>";
		};
		69242EED2A88BB4F008F040E /* Presenter */ = {
			isa = PBXGroup;
			children = (
				69242EFE2A88C007008F040E /* NBSPresenter.swift */,
			);
			path = Presenter;
			sourceTree = "<group>";
		};
		69242EEE2A88BB5B008F040E /* View */ = {
			isa = PBXGroup;
			children = (
				69D475412AB22D39007589A4 /* NBSArticleView.swift */,
				69242EF12A88BBEA008F040E /* NBSViewController.swift */,
				69242F092A890E22008F040E /* Cell */,
			);
			path = View;
			sourceTree = "<group>";
		};
		69242EF32A88BE09008F040E /* Network */ = {
			isa = PBXGroup;
			children = (
				69242EF62A88BE9C008F040E /* NBSNetworkService.swift */,
			);
			path = Network;
			sourceTree = "<group>";
		};
		69242F022A88C1C7008F040E /* Router */ = {
			isa = PBXGroup;
			children = (
				69242F032A88C1D5008F040E /* NBSRouter.swift */,
			);
			path = Router;
			sourceTree = "<group>";
		};
		69242F092A890E22008F040E /* Cell */ = {
			isa = PBXGroup;
			children = (
				69796EC72A78FBE500EB6714 /* ArticleFullCell.swift */,
				69242F072A8907F4008F040E /* SourcesCell.swift */,
				696197482A8EA62C00602213 /* ArticleShortCell.swift */,
			);
			path = Cell;
			sourceTree = "<group>";
		};
		694012BB2A8E12E90099F727 /* Helpers */ = {
			isa = PBXGroup;
			children = (
				09617C132AADEEDC00954FC8 /* Article */,
				09617C122AADEECF00954FC8 /* Source */,
			);
			path = Helpers;
			sourceTree = "<group>";
		};
		695F7FB92A836A2A003EC2F9 /* NewsSettingView */ = {
			isa = PBXGroup;
			children = (
				695F7FBA2A836BAF003EC2F9 /* NewsSettingViewController.swift */,
			);
			path = NewsSettingView;
			sourceTree = "<group>";
		};
		697270E42AA1C67A002F6A10 /* Modules */ = {
			isa = PBXGroup;
			children = (
				69833A332A76AE0700909649 /* DetailModule */,
				69833A322A76ADFC00909649 /* FeedModule */,
				69242EE52A88B869008F040E /* NBSModule */,
				69833A342A76AE1100909649 /* SettingModule */,
			);
			path = Modules;
			sourceTree = "<group>";
		};
		69771FB32A820C31007D608F /* Network */ = {
			isa = PBXGroup;
			children = (
				69771FB42A820C4C007D608F /* SettingNetworkService.swift */,
			);
			path = Network;
			sourceTree = "<group>";
		};
		69796EC92A78FCC300EB6714 /* Cells */ = {
			isa = PBXGroup;
			children = (
				691C01682A7B91FF004E22FB /* TrendingsCell.swift */,
			);
			path = Cells;
			sourceTree = "<group>";
		};
		698339B12A767DB800909649 = {
			isa = PBXGroup;
			children = (
				698339BC2A767DB800909649 /* NewsBlend */,
				698339BB2A767DB800909649 /* Products */,
			);
			sourceTree = "<group>";
		};
		698339BB2A767DB800909649 /* Products */ = {
			isa = PBXGroup;
			children = (
				698339BA2A767DB800909649 /* NewsBlend.app */,
			);
			name = Products;
			sourceTree = "<group>";
		};
		698339BC2A767DB800909649 /* NewsBlend */ = {
			isa = PBXGroup;
			children = (
				09617C112AADDC2200954FC8 /* CommonModels */,
				697270E42AA1C67A002F6A10 /* Modules */,
				694012BB2A8E12E90099F727 /* Helpers */,
				6906D3002AB2EA2A004E052F /* Storage */,
				698339DB2A76882C00909649 /* Application */,
				698339DC2A76884400909649 /* Resources */,
				69E298B12A7D0DFE001BFBB4 /* ReusableViews */,
			);
			path = NewsBlend;
			sourceTree = "<group>";
		};
		698339DB2A76882C00909649 /* Application */ = {
			isa = PBXGroup;
			children = (
				698339BF2A767DB800909649 /* SceneDelegate.swift */,
				698339BD2A767DB800909649 /* AppDelegate.swift */,
			);
			path = Application;
			sourceTree = "<group>";
		};
		698339DC2A76884400909649 /* Resources */ = {
			isa = PBXGroup;
			children = (
				698339C62A767DB900909649 /* Assets.xcassets */,
				698339CB2A767DB900909649 /* Info.plist */,
			);
			path = Resources;
			sourceTree = "<group>";
		};
		69833A322A76ADFC00909649 /* FeedModule */ = {
			isa = PBXGroup;
			children = (
				69FD96822AAF243C007F3A4B /* Helper */,
				69833A3B2A76AE7400909649 /* Assembly */,
				69833A3A2A76AE6B00909649 /* Contracts */,
				69833A392A76AE6300909649 /* Interactor */,
				69833A382A76AE5900909649 /* Presenter */,
				69833A372A76AE5200909649 /* Router */,
				69833A362A76AE4B00909649 /* Services */,
				69833A352A76AE4000909649 /* View */,
			);
			path = FeedModule;
			sourceTree = "<group>";
		};
		69833A332A76AE0700909649 /* DetailModule */ = {
			isa = PBXGroup;
			children = (
				69833A452A76B19F00909649 /* Assembly */,
				69833A462A76B1A500909649 /* Contracts */,
				69833A472A76B1AC00909649 /* Interactor */,
				69833A482A76B1B300909649 /* Presenter */,
				69833A492A76B1BA00909649 /* Router */,
				69833A4B2A76B1C900909649 /* View */,
			);
			path = DetailModule;
			sourceTree = "<group>";
		};
		69833A342A76AE1100909649 /* SettingModule */ = {
			isa = PBXGroup;
			children = (
				69FD967F2AAF206A007F3A4B /* Helper */,
				69833A3E2A76B15B00909649 /* Assembly */,
				69833A3F2A76B16400909649 /* Contracts */,
				69833A402A76B16B00909649 /* Interactor */,
				69833A412A76B17300909649 /* Presenter */,
				69833A422A76B17A00909649 /* Router */,
				69833A432A76B18000909649 /* Services */,
				69833A442A76B18B00909649 /* View */,
			);
			path = SettingModule;
			sourceTree = "<group>";
		};
		69833A352A76AE4000909649 /* View */ = {
			isa = PBXGroup;
			children = (
				69796EC92A78FCC300EB6714 /* Cells */,
				69796EC32A78D55600EB6714 /* FeedViewController.swift */,
			);
			path = View;
			sourceTree = "<group>";
		};
		69833A362A76AE4B00909649 /* Services */ = {
			isa = PBXGroup;
			children = (
				6917487D2A77F942003F00D6 /* Network */,
				69833A072A76A6E100909649 /* NewsModelDTO.swift */,
			);
			path = Services;
			sourceTree = "<group>";
		};
		69833A372A76AE5200909649 /* Router */ = {
			isa = PBXGroup;
			children = (
				69796EC52A78E35B00EB6714 /* FeedRouter.swift */,
			);
			path = Router;
			sourceTree = "<group>";
		};
		69833A382A76AE5900909649 /* Presenter */ = {
			isa = PBXGroup;
			children = (
				69796EBF2A78CF9E00EB6714 /* FeedPresenter.swift */,
			);
			path = Presenter;
			sourceTree = "<group>";
		};
		69833A392A76AE6300909649 /* Interactor */ = {
			isa = PBXGroup;
			children = (
				69796EC12A78D0BC00EB6714 /* FeedInteractor.swift */,
			);
			path = Interactor;
			sourceTree = "<group>";
		};
		69833A3A2A76AE6B00909649 /* Contracts */ = {
			isa = PBXGroup;
			children = (
				69833A3C2A76AEA400909649 /* FeedContracts.swift */,
			);
			path = Contracts;
			sourceTree = "<group>";
		};
		69833A3B2A76AE7400909649 /* Assembly */ = {
			isa = PBXGroup;
			children = (
				69796EBD2A78CA5000EB6714 /* FeedAssembly.swift */,
			);
			path = Assembly;
			sourceTree = "<group>";
		};
		69833A3E2A76B15B00909649 /* Assembly */ = {
			isa = PBXGroup;
			children = (
				69BB2B3B2A79855000B5BDE1 /* SettingsAssembly.swift */,
			);
			path = Assembly;
			sourceTree = "<group>";
		};
		69833A3F2A76B16400909649 /* Contracts */ = {
			isa = PBXGroup;
			children = (
				69BB2B392A79853C00B5BDE1 /* SettingsContracts.swift */,
			);
			path = Contracts;
			sourceTree = "<group>";
		};
		69833A402A76B16B00909649 /* Interactor */ = {
			isa = PBXGroup;
			children = (
				69BB2B372A79851D00B5BDE1 /* SettingsInteractor.swift */,
			);
			path = Interactor;
			sourceTree = "<group>";
		};
		69833A412A76B17300909649 /* Presenter */ = {
			isa = PBXGroup;
			children = (
				69BB2B352A79850B00B5BDE1 /* SettingsPresenter.swift */,
			);
			path = Presenter;
			sourceTree = "<group>";
		};
		69833A422A76B17A00909649 /* Router */ = {
			isa = PBXGroup;
			children = (
				69BB2B332A7984F400B5BDE1 /* SettingsRouter.swift */,
			);
			path = Router;
			sourceTree = "<group>";
		};
		69833A432A76B18000909649 /* Services */ = {
			isa = PBXGroup;
			children = (
				69771FB32A820C31007D608F /* Network */,
				695F7FBC2A836DC8003EC2F9 /* SourcesModelDTO.swift */,
			);
			path = Services;
			sourceTree = "<group>";
		};
		69833A442A76B18B00909649 /* View */ = {
			isa = PBXGroup;
			children = (
				695F7FB92A836A2A003EC2F9 /* NewsSettingView */,
				69B2BFAF2A82357B000465BC /* Cell */,
				69BB2B2E2A7984AE00B5BDE1 /* SettingsViewController.swift */,
			);
			path = View;
			sourceTree = "<group>";
		};
		69833A452A76B19F00909649 /* Assembly */ = {
			isa = PBXGroup;
			children = (
				691C01782A7BBD1B004E22FB /* DetailAssembly.swift */,
			);
			path = Assembly;
			sourceTree = "<group>";
		};
		69833A462A76B1A500909649 /* Contracts */ = {
			isa = PBXGroup;
			children = (
				691C01762A7BBCF6004E22FB /* DetailContracts.swift */,
			);
			path = Contracts;
			sourceTree = "<group>";
		};
		69833A472A76B1AC00909649 /* Interactor */ = {
			isa = PBXGroup;
			children = (
				691C01742A7BBCCE004E22FB /* DetailInteractor.swift */,
			);
			path = Interactor;
			sourceTree = "<group>";
		};
		69833A482A76B1B300909649 /* Presenter */ = {
			isa = PBXGroup;
			children = (
				691C01722A7BBCB2004E22FB /* DetailPresenter.swift */,
			);
			path = Presenter;
			sourceTree = "<group>";
		};
		69833A492A76B1BA00909649 /* Router */ = {
			isa = PBXGroup;
			children = (
				691C01702A7BBC97004E22FB /* DetailRouter.swift */,
			);
			path = Router;
			sourceTree = "<group>";
		};
		69833A4B2A76B1C900909649 /* View */ = {
			isa = PBXGroup;
			children = (
				691C016C2A7BBC42004E22FB /* DetailViewController.swift */,
			);
			path = View;
			sourceTree = "<group>";
		};
		69B2BFAF2A82357B000465BC /* Cell */ = {
			isa = PBXGroup;
			children = (
				69B2BFB02A823591000465BC /* SettingsCell.swift */,
				69B59FA02A87863C00B80CD4 /* SourceCell.swift */,
			);
			path = Cell;
			sourceTree = "<group>";
		};
		69E298B12A7D0DFE001BFBB4 /* ReusableViews */ = {
			isa = PBXGroup;
			children = (
				69E298B22A7D0E17001BFBB4 /* Loader.swift */,
				6906D3012AB32426004E052F /* LottieUnknownError.swift */,
			);
			path = ReusableViews;
			sourceTree = "<group>";
		};
		69FD967C2AAF16B7007F3A4B /* Helper */ = {
			isa = PBXGroup;
			children = (
				69FD967D2AAF16DB007F3A4B /* NBSParser.swift */,
				69FD968B2AAF2982007F3A4B /* NBSSourceConverter.swift */,
				6980B6332AB0B56E002385A6 /* NBSArticleConverter.swift */,
			);
			path = Helper;
			sourceTree = "<group>";
		};
		69FD967F2AAF206A007F3A4B /* Helper */ = {
			isa = PBXGroup;
			children = (
				69FD96802AAF207F007F3A4B /* SettingParser.swift */,
				69FD968D2AAF2A55007F3A4B /* SettingConverter.swift */,
				6980B6352AB0B59A002385A6 /* SettingArticleConverter.swift */,
			);
			path = Helper;
			sourceTree = "<group>";
		};
		69FD96822AAF243C007F3A4B /* Helper */ = {
			isa = PBXGroup;
			children = (
				69FD96832AAF244B007F3A4B /* FeedParser.swift */,
				69FD96852AAF2652007F3A4B /* FeedConverter.swift */,
			);
			path = Helper;
			sourceTree = "<group>";
		};
/* End PBXGroup section */

/* Begin PBXNativeTarget section */
		698339B92A767DB800909649 /* NewsBlend */ = {
			isa = PBXNativeTarget;
			buildConfigurationList = 698339CE2A767DB900909649 /* Build configuration list for PBXNativeTarget "NewsBlend" */;
			buildPhases = (
				698339B62A767DB800909649 /* Sources */,
				698339B72A767DB800909649 /* Frameworks */,
				698339B82A767DB800909649 /* Resources */,
				698339D12A767EEF00909649 /* ShellScript */,
			);
			buildRules = (
			);
			dependencies = (
			);
			name = NewsBlend;
			packageProductDependencies = (
				698339D32A7684E200909649 /* SnapKit */,
				698339D62A76856A00909649 /* Kingfisher */,
				698339D92A76857F00909649 /* Alamofire */,
			);
			productName = NewsBlend;
			productReference = 698339BA2A767DB800909649 /* NewsBlend.app */;
			productType = "com.apple.product-type.application";
		};
/* End PBXNativeTarget section */

/* Begin PBXProject section */
		698339B22A767DB800909649 /* Project object */ = {
			isa = PBXProject;
			attributes = {
				BuildIndependentTargetsInParallel = 1;
				LastSwiftUpdateCheck = 1420;
				LastUpgradeCheck = 1420;
				TargetAttributes = {
					698339B92A767DB800909649 = {
						CreatedOnToolsVersion = 14.2;
					};
				};
			};
			buildConfigurationList = 698339B52A767DB800909649 /* Build configuration list for PBXProject "NewsBlend" */;
			compatibilityVersion = "Xcode 14.0";
			developmentRegion = en;
			hasScannedForEncodings = 0;
			knownRegions = (
				en,
				Base,
			);
			mainGroup = 698339B12A767DB800909649;
			packageReferences = (
				698339D22A7684E200909649 /* XCRemoteSwiftPackageReference "SnapKit" */,
				698339D52A76856A00909649 /* XCRemoteSwiftPackageReference "Kingfisher" */,
				698339D82A76857F00909649 /* XCRemoteSwiftPackageReference "Alamofire" */,
			);
			productRefGroup = 698339BB2A767DB800909649 /* Products */;
			projectDirPath = "";
			projectRoot = "";
			targets = (
				698339B92A767DB800909649 /* NewsBlend */,
			);
		};
/* End PBXProject section */

/* Begin PBXResourcesBuildPhase section */
		698339B82A767DB800909649 /* Resources */ = {
			isa = PBXResourcesBuildPhase;
			buildActionMask = 2147483647;
			files = (
				698339C72A767DB900909649 /* Assets.xcassets in Resources */,
			);
			runOnlyForDeploymentPostprocessing = 0;
		};
/* End PBXResourcesBuildPhase section */

/* Begin PBXShellScriptBuildPhase section */
		698339D12A767EEF00909649 /* ShellScript */ = {
			isa = PBXShellScriptBuildPhase;
			buildActionMask = 2147483647;
			files = (
			);
			inputFileListPaths = (
			);
			inputPaths = (
			);
			outputFileListPaths = (
			);
			outputPaths = (
			);
			runOnlyForDeploymentPostprocessing = 0;
			shellPath = /bin/sh;
			shellScript = "if which swiftlint > /dev/null; then\n  swiftlint\nelse\n  echo \"warning: SwiftLint not installed, download from https://github.com/realm/SwiftLint\"\nfi\n";
		};
/* End PBXShellScriptBuildPhase section */

/* Begin PBXSourcesBuildPhase section */
		698339B62A767DB800909649 /* Sources */ = {
			isa = PBXSourcesBuildPhase;
			buildActionMask = 2147483647;
			files = (
				695F7FBB2A836BAF003EC2F9 /* NewsSettingViewController.swift in Sources */,
				69B59FA82A87D16B00B80CD4 /* SourceModel.swift in Sources */,
				696197492A8EA62C00602213 /* ArticleShortCell.swift in Sources */,
				69BB2B3C2A79855000B5BDE1 /* SettingsAssembly.swift in Sources */,
				6906D3022AB32426004E052F /* LottieUnknownError.swift in Sources */,
				69FD96842AAF244B007F3A4B /* FeedParser.swift in Sources */,
				69FD967E2AAF16DB007F3A4B /* NBSParser.swift in Sources */,
				691C016D2A7BBC42004E22FB /* DetailViewController.swift in Sources */,
				69D475422AB22D39007589A4 /* NBSArticleView.swift in Sources */,
				69796EC82A78FBE500EB6714 /* ArticleFullCell.swift in Sources */,
				69B59FA12A87863C00B80CD4 /* SourceCell.swift in Sources */,
				69242F042A88C1D5008F040E /* NBSRouter.swift in Sources */,
				691C01712A7BBC97004E22FB /* DetailRouter.swift in Sources */,
				69B59FA62A87C5DE00B80CD4 /* ArticleModel.swift in Sources */,
				69BB2B362A79850B00B5BDE1 /* SettingsPresenter.swift in Sources */,
				69833A3D2A76AEA400909649 /* FeedContracts.swift in Sources */,
				691C01692A7B91FF004E22FB /* TrendingsCell.swift in Sources */,
				69E298B32A7D0E17001BFBB4 /* Loader.swift in Sources */,
				69796EBE2A78CA5000EB6714 /* FeedAssembly.swift in Sources */,
				69242EF22A88BBEA008F040E /* NBSViewController.swift in Sources */,
				69BB2B3A2A79853C00B5BDE1 /* SettingsContracts.swift in Sources */,
				6917487C2A77F92E003F00D6 /* FeedNetworkService.swift in Sources */,
				69796EC42A78D55600EB6714 /* FeedViewController.swift in Sources */,
				69833A082A76A6E100909649 /* NewsModelDTO.swift in Sources */,
				698339BE2A767DB800909649 /* AppDelegate.swift in Sources */,
				69771FB52A820C4C007D608F /* SettingNetworkService.swift in Sources */,
				691C01732A7BBCB2004E22FB /* DetailPresenter.swift in Sources */,
				69796EC22A78D0BC00EB6714 /* FeedInteractor.swift in Sources */,
				695F7FBD2A836DC8003EC2F9 /* SourcesModelDTO.swift in Sources */,
				69796EC62A78E35B00EB6714 /* FeedRouter.swift in Sources */,
				69FD96812AAF207F007F3A4B /* SettingParser.swift in Sources */,
				691C01772A7BBCF6004E22FB /* DetailContracts.swift in Sources */,
				69FD968A2AAF28F5007F3A4B /* SourceCoding.swift in Sources */,
				69FD968C2AAF2982007F3A4B /* NBSSourceConverter.swift in Sources */,
				69242EF02A88BB89008F040E /* NBSContracts.swift in Sources */,
				691C01752A7BBCCE004E22FB /* DetailInteractor.swift in Sources */,
				69BB2B342A7984F400B5BDE1 /* SettingsRouter.swift in Sources */,
				698339C02A767DB800909649 /* SceneDelegate.swift in Sources */,
				691C01792A7BBD1B004E22FB /* DetailAssembly.swift in Sources */,
				69B2BFB12A823591000465BC /* SettingsCell.swift in Sources */,
				6980B6342AB0B56E002385A6 /* NBSArticleConverter.swift in Sources */,
				69FD968E2AAF2A55007F3A4B /* SettingConverter.swift in Sources */,
				6980B6322AB0A167002385A6 /* Storage.swift in Sources */,
				69FD96862AAF2652007F3A4B /* FeedConverter.swift in Sources */,
				69242F012A88C0E1008F040E /* NBSAssembly.swift in Sources */,
				69242EF72A88BE9C008F040E /* NBSNetworkService.swift in Sources */,
				69FD96882AAF28A3007F3A4B /* ArticleCoding.swift in Sources */,
				6980B6362AB0B59A002385A6 /* SettingArticleConverter.swift in Sources */,
				69242EFF2A88C007008F040E /* NBSPresenter.swift in Sources */,
				69242F082A8907F4008F040E /* SourcesCell.swift in Sources */,
				69BB2B2F2A7984AE00B5BDE1 /* SettingsViewController.swift in Sources */,
				69BB2B382A79851D00B5BDE1 /* SettingsInteractor.swift in Sources */,
				69242EFC2A88BF79008F040E /* NBSInteractor.swift in Sources */,
				69796EC02A78CF9E00EB6714 /* FeedPresenter.swift in Sources */,
			);
			runOnlyForDeploymentPostprocessing = 0;
		};
/* End PBXSourcesBuildPhase section */

/* Begin XCBuildConfiguration section */
		698339CC2A767DB900909649 /* Debug */ = {
			isa = XCBuildConfiguration;
			buildSettings = {
				ALWAYS_SEARCH_USER_PATHS = NO;
				CLANG_ANALYZER_NONNULL = YES;
				CLANG_ANALYZER_NUMBER_OBJECT_CONVERSION = YES_AGGRESSIVE;
				CLANG_CXX_LANGUAGE_STANDARD = "gnu++20";
				CLANG_ENABLE_MODULES = YES;
				CLANG_ENABLE_OBJC_ARC = YES;
				CLANG_ENABLE_OBJC_WEAK = YES;
				CLANG_WARN_BLOCK_CAPTURE_AUTORELEASING = YES;
				CLANG_WARN_BOOL_CONVERSION = YES;
				CLANG_WARN_COMMA = YES;
				CLANG_WARN_CONSTANT_CONVERSION = YES;
				CLANG_WARN_DEPRECATED_OBJC_IMPLEMENTATIONS = YES;
				CLANG_WARN_DIRECT_OBJC_ISA_USAGE = YES_ERROR;
				CLANG_WARN_DOCUMENTATION_COMMENTS = YES;
				CLANG_WARN_EMPTY_BODY = YES;
				CLANG_WARN_ENUM_CONVERSION = YES;
				CLANG_WARN_INFINITE_RECURSION = YES;
				CLANG_WARN_INT_CONVERSION = YES;
				CLANG_WARN_NON_LITERAL_NULL_CONVERSION = YES;
				CLANG_WARN_OBJC_IMPLICIT_RETAIN_SELF = YES;
				CLANG_WARN_OBJC_LITERAL_CONVERSION = YES;
				CLANG_WARN_OBJC_ROOT_CLASS = YES_ERROR;
				CLANG_WARN_QUOTED_INCLUDE_IN_FRAMEWORK_HEADER = YES;
				CLANG_WARN_RANGE_LOOP_ANALYSIS = YES;
				CLANG_WARN_STRICT_PROTOTYPES = YES;
				CLANG_WARN_SUSPICIOUS_MOVE = YES;
				CLANG_WARN_UNGUARDED_AVAILABILITY = YES_AGGRESSIVE;
				CLANG_WARN_UNREACHABLE_CODE = YES;
				CLANG_WARN__DUPLICATE_METHOD_MATCH = YES;
				COPY_PHASE_STRIP = NO;
				DEBUG_INFORMATION_FORMAT = dwarf;
				ENABLE_STRICT_OBJC_MSGSEND = YES;
				ENABLE_TESTABILITY = YES;
				GCC_C_LANGUAGE_STANDARD = gnu11;
				GCC_DYNAMIC_NO_PIC = NO;
				GCC_NO_COMMON_BLOCKS = YES;
				GCC_OPTIMIZATION_LEVEL = 0;
				GCC_PREPROCESSOR_DEFINITIONS = (
					"DEBUG=1",
					"$(inherited)",
				);
				GCC_WARN_64_TO_32_BIT_CONVERSION = YES;
				GCC_WARN_ABOUT_RETURN_TYPE = YES_ERROR;
				GCC_WARN_UNDECLARED_SELECTOR = YES;
				GCC_WARN_UNINITIALIZED_AUTOS = YES_AGGRESSIVE;
				GCC_WARN_UNUSED_FUNCTION = YES;
				GCC_WARN_UNUSED_VARIABLE = YES;
				IPHONEOS_DEPLOYMENT_TARGET = 16.2;
				MTL_ENABLE_DEBUG_INFO = INCLUDE_SOURCE;
				MTL_FAST_MATH = YES;
				ONLY_ACTIVE_ARCH = YES;
				SDKROOT = iphoneos;
				SWIFT_ACTIVE_COMPILATION_CONDITIONS = DEBUG;
				SWIFT_OPTIMIZATION_LEVEL = "-Onone";
			};
			name = Debug;
		};
		698339CD2A767DB900909649 /* Release */ = {
			isa = XCBuildConfiguration;
			buildSettings = {
				ALWAYS_SEARCH_USER_PATHS = NO;
				CLANG_ANALYZER_NONNULL = YES;
				CLANG_ANALYZER_NUMBER_OBJECT_CONVERSION = YES_AGGRESSIVE;
				CLANG_CXX_LANGUAGE_STANDARD = "gnu++20";
				CLANG_ENABLE_MODULES = YES;
				CLANG_ENABLE_OBJC_ARC = YES;
				CLANG_ENABLE_OBJC_WEAK = YES;
				CLANG_WARN_BLOCK_CAPTURE_AUTORELEASING = YES;
				CLANG_WARN_BOOL_CONVERSION = YES;
				CLANG_WARN_COMMA = YES;
				CLANG_WARN_CONSTANT_CONVERSION = YES;
				CLANG_WARN_DEPRECATED_OBJC_IMPLEMENTATIONS = YES;
				CLANG_WARN_DIRECT_OBJC_ISA_USAGE = YES_ERROR;
				CLANG_WARN_DOCUMENTATION_COMMENTS = YES;
				CLANG_WARN_EMPTY_BODY = YES;
				CLANG_WARN_ENUM_CONVERSION = YES;
				CLANG_WARN_INFINITE_RECURSION = YES;
				CLANG_WARN_INT_CONVERSION = YES;
				CLANG_WARN_NON_LITERAL_NULL_CONVERSION = YES;
				CLANG_WARN_OBJC_IMPLICIT_RETAIN_SELF = YES;
				CLANG_WARN_OBJC_LITERAL_CONVERSION = YES;
				CLANG_WARN_OBJC_ROOT_CLASS = YES_ERROR;
				CLANG_WARN_QUOTED_INCLUDE_IN_FRAMEWORK_HEADER = YES;
				CLANG_WARN_RANGE_LOOP_ANALYSIS = YES;
				CLANG_WARN_STRICT_PROTOTYPES = YES;
				CLANG_WARN_SUSPICIOUS_MOVE = YES;
				CLANG_WARN_UNGUARDED_AVAILABILITY = YES_AGGRESSIVE;
				CLANG_WARN_UNREACHABLE_CODE = YES;
				CLANG_WARN__DUPLICATE_METHOD_MATCH = YES;
				COPY_PHASE_STRIP = NO;
				DEBUG_INFORMATION_FORMAT = "dwarf-with-dsym";
				ENABLE_NS_ASSERTIONS = NO;
				ENABLE_STRICT_OBJC_MSGSEND = YES;
				GCC_C_LANGUAGE_STANDARD = gnu11;
				GCC_NO_COMMON_BLOCKS = YES;
				GCC_WARN_64_TO_32_BIT_CONVERSION = YES;
				GCC_WARN_ABOUT_RETURN_TYPE = YES_ERROR;
				GCC_WARN_UNDECLARED_SELECTOR = YES;
				GCC_WARN_UNINITIALIZED_AUTOS = YES_AGGRESSIVE;
				GCC_WARN_UNUSED_FUNCTION = YES;
				GCC_WARN_UNUSED_VARIABLE = YES;
				IPHONEOS_DEPLOYMENT_TARGET = 16.2;
				MTL_ENABLE_DEBUG_INFO = NO;
				MTL_FAST_MATH = YES;
				SDKROOT = iphoneos;
				SWIFT_COMPILATION_MODE = wholemodule;
				SWIFT_OPTIMIZATION_LEVEL = "-O";
				VALIDATE_PRODUCT = YES;
			};
			name = Release;
		};
		698339CF2A767DB900909649 /* Debug */ = {
			isa = XCBuildConfiguration;
			buildSettings = {
				ASSETCATALOG_COMPILER_APPICON_NAME = AppIcon;
				ASSETCATALOG_COMPILER_GLOBAL_ACCENT_COLOR_NAME = AccentColor;
				CODE_SIGN_STYLE = Automatic;
				CURRENT_PROJECT_VERSION = 1;
				DEVELOPMENT_TEAM = 9N9JA5WXC4;
				GENERATE_INFOPLIST_FILE = YES;
				INFOPLIST_FILE = NewsBlend/Resources/Info.plist;
				INFOPLIST_KEY_CFBundleDisplayName = "News Blend";
				INFOPLIST_KEY_LSApplicationCategoryType = "public.app-category.magazines-and-newspapers";
				INFOPLIST_KEY_UIApplicationSupportsIndirectInputEvents = YES;
				INFOPLIST_KEY_UILaunchStoryboardName = LaunchScreen;
				INFOPLIST_KEY_UIMainStoryboardFile = "";
				INFOPLIST_KEY_UISupportedInterfaceOrientations = UIInterfaceOrientationPortrait;
				INFOPLIST_KEY_UIUserInterfaceStyle = Light;
				LD_RUNPATH_SEARCH_PATHS = (
					"$(inherited)",
					"@executable_path/Frameworks",
				);
				MARKETING_VERSION = 1.0;
				PRODUCT_BUNDLE_IDENTIFIER = by.benikov.NewsBlend;
				PRODUCT_NAME = "$(TARGET_NAME)";
				SUPPORTED_PLATFORMS = "iphoneos iphonesimulator";
				SUPPORTS_MACCATALYST = NO;
				SUPPORTS_MAC_DESIGNED_FOR_IPHONE_IPAD = NO;
				SWIFT_EMIT_LOC_STRINGS = YES;
				SWIFT_VERSION = 5.0;
				TARGETED_DEVICE_FAMILY = "1,2";
			};
			name = Debug;
		};
		698339D02A767DB900909649 /* Release */ = {
			isa = XCBuildConfiguration;
			buildSettings = {
				ASSETCATALOG_COMPILER_APPICON_NAME = AppIcon;
				ASSETCATALOG_COMPILER_GLOBAL_ACCENT_COLOR_NAME = AccentColor;
				CODE_SIGN_STYLE = Automatic;
				CURRENT_PROJECT_VERSION = 1;
				DEVELOPMENT_TEAM = 9N9JA5WXC4;
				GENERATE_INFOPLIST_FILE = YES;
				INFOPLIST_FILE = NewsBlend/Resources/Info.plist;
				INFOPLIST_KEY_CFBundleDisplayName = "News Blend";
				INFOPLIST_KEY_LSApplicationCategoryType = "public.app-category.magazines-and-newspapers";
				INFOPLIST_KEY_UIApplicationSupportsIndirectInputEvents = YES;
				INFOPLIST_KEY_UILaunchStoryboardName = LaunchScreen;
				INFOPLIST_KEY_UIMainStoryboardFile = "";
				INFOPLIST_KEY_UISupportedInterfaceOrientations = UIInterfaceOrientationPortrait;
				INFOPLIST_KEY_UIUserInterfaceStyle = Light;
				LD_RUNPATH_SEARCH_PATHS = (
					"$(inherited)",
					"@executable_path/Frameworks",
				);
				MARKETING_VERSION = 1.0;
				PRODUCT_BUNDLE_IDENTIFIER = by.benikov.NewsBlend;
				PRODUCT_NAME = "$(TARGET_NAME)";
				SUPPORTED_PLATFORMS = "iphoneos iphonesimulator";
				SUPPORTS_MACCATALYST = NO;
				SUPPORTS_MAC_DESIGNED_FOR_IPHONE_IPAD = NO;
				SWIFT_EMIT_LOC_STRINGS = YES;
				SWIFT_VERSION = 5.0;
				TARGETED_DEVICE_FAMILY = "1,2";
			};
			name = Release;
		};
/* End XCBuildConfiguration section */

/* Begin XCConfigurationList section */
		698339B52A767DB800909649 /* Build configuration list for PBXProject "NewsBlend" */ = {
			isa = XCConfigurationList;
			buildConfigurations = (
				698339CC2A767DB900909649 /* Debug */,
				698339CD2A767DB900909649 /* Release */,
			);
			defaultConfigurationIsVisible = 0;
			defaultConfigurationName = Release;
		};
		698339CE2A767DB900909649 /* Build configuration list for PBXNativeTarget "NewsBlend" */ = {
			isa = XCConfigurationList;
			buildConfigurations = (
				698339CF2A767DB900909649 /* Debug */,
				698339D02A767DB900909649 /* Release */,
			);
			defaultConfigurationIsVisible = 0;
			defaultConfigurationName = Release;
		};
/* End XCConfigurationList section */

/* Begin XCRemoteSwiftPackageReference section */
		698339D22A7684E200909649 /* XCRemoteSwiftPackageReference "SnapKit" */ = {
			isa = XCRemoteSwiftPackageReference;
			repositoryURL = "https://github.com/SnapKit/SnapKit";
			requirement = {
				branch = develop;
				kind = branch;
			};
		};
		698339D52A76856A00909649 /* XCRemoteSwiftPackageReference "Kingfisher" */ = {
			isa = XCRemoteSwiftPackageReference;
			repositoryURL = "https://github.com/onevcat/Kingfisher.git";
			requirement = {
				branch = master;
				kind = branch;
			};
		};
		698339D82A76857F00909649 /* XCRemoteSwiftPackageReference "Alamofire" */ = {
			isa = XCRemoteSwiftPackageReference;
			repositoryURL = "https://github.com/Alamofire/Alamofire";
			requirement = {
				branch = master;
				kind = branch;
			};
		};
/* End XCRemoteSwiftPackageReference section */

/* Begin XCSwiftPackageProductDependency section */
		698339D32A7684E200909649 /* SnapKit */ = {
			isa = XCSwiftPackageProductDependency;
			package = 698339D22A7684E200909649 /* XCRemoteSwiftPackageReference "SnapKit" */;
			productName = SnapKit;
		};
		698339D62A76856A00909649 /* Kingfisher */ = {
			isa = XCSwiftPackageProductDependency;
			package = 698339D52A76856A00909649 /* XCRemoteSwiftPackageReference "Kingfisher" */;
			productName = Kingfisher;
		};
		698339D92A76857F00909649 /* Alamofire */ = {
			isa = XCSwiftPackageProductDependency;
			package = 698339D82A76857F00909649 /* XCRemoteSwiftPackageReference "Alamofire" */;
			productName = Alamofire;
		};
/* End XCSwiftPackageProductDependency section */
	};
	rootObject = 698339B22A767DB800909649 /* Project object */;
}
